
Microsoft Visual Studio Solution File, Format Version 11.00
# Visual Studio 2010
Project("{8BC9CEB8-8B4A-11D0-8D11-00A0C91BC942}") = "sr", "chaos\chaos.vcxproj", "{AE25ED5B-CF5A-4E73-BF62-9952F66F3ED0}"
EndProject
Global
	GlobalSection(SolutionConfigurationPlatforms) = preSolution
		Debug|Win32 = Debug|Win32
		Debug|x64 = Debug|x64
		Dedicated Debug|Win32 = Dedicated Debug|Win32
		Dedicated Debug|x64 = Dedicated Debug|x64
		Dedicated Release|Win32 = Dedicated Release|Win32
		Dedicated Release|x64 = Dedicated Release|x64
		Release|Win32 = Release|Win32
		Release|x64 = Release|x64
	EndGlobalSection
	GlobalSection(ProjectConfigurationPlatforms) = postSolution
		{AE25ED5B-CF5A-4E73-BF62-9952F66F3ED0}.Debug|Win32.ActiveCfg = Debug|Win32
		{AE25ED5B-CF5A-4E73-BF62-9952F66F3ED0}.Debug|Win32.Build.0 = Debug|Win32
		{AE25ED5B-CF5A-4E73-BF62-9952F66F3ED0}.Debug|x64.ActiveCfg = Debug|x64
		{AE25ED5B-CF5A-4E73-BF62-9952F66F3ED0}.Debug|x64.Build.0 = Debug|x64
		{AE25ED5B-CF5A-4E73-BF62-9952F66F3ED0}.Dedicated Debug|Win32.ActiveCfg = Dedicated Debug|Win32
		{AE25ED5B-CF5A-4E73-BF62-9952F66F3ED0}.Dedicated Debug|Win32.Build.0 = Dedicated Debug|Win32
		{AE25ED5B-CF5A-4E73-BF62-9952F66F3ED0}.Dedicated Debug|x64.ActiveCfg = Dedicated Debug|x64
		{AE25ED5B-CF5A-4E73-BF62-9952F66F3ED0}.Dedicated Debug|x64.Build.0 = Dedicated Debug|x64
		{AE25ED5B-CF5A-4E73-BF62-9952F66F3ED0}.Dedicated Release|Win32.ActiveCfg = Dedicated Release|Win32
		{AE25ED5B-CF5A-4E73-BF62-9952F66F3ED0}.Dedicated Release|Win32.Build.0 = Dedicated Release|Win32
		{AE25ED5B-CF5A-4E73-BF62-9952F66F3ED0}.Dedicated Release|x64.ActiveCfg = Dedicated Release|x64
		{AE25ED5B-CF5A-4E73-BF62-9952F66F3ED0}.Dedicated Release|x64.Build.0 = Dedicated Release|x64
		{AE25ED5B-CF5A-4E73-BF62-9952F66F3ED0}.Release|Win32.ActiveCfg = Release|Win32
		{AE25ED5B-CF5A-4E73-BF62-9952F66F3ED0}.Release|Win32.Build.0 = Release|Win32
		{AE25ED5B-CF5A-4E73-BF62-9952F66F3ED0}.Release|x64.ActiveCfg = Release|x64
		{AE25ED5B-CF5A-4E73-BF62-9952F66F3ED0}.Release|x64.Build.0 = Release|x64
	EndGlobalSection
	GlobalSection(SolutionProperties) = preSolution
		HideSolutionNode = FALSE
	EndGlobalSection
	GlobalSection(ExtensibilityGlobals) = postSolution
		AMDCaPersistentConfig = Debug|x64
		AMDCaPersistentStartup = chaos
		AMDCaProjectFile = C:\games\chaos\src\msvc\CodeAnalyst\chaos.caw
	EndGlobalSection
EndGlobal
